
Microsoft Visual Studio Solution File, Format Version 12.00
# Visual Studio Version 16
VisualStudioVersion = 16.0.31515.178
MinimumVisualStudioVersion = 10.0.40219.1
Project("{888888A0-9F3D-457C-B088-3A5042F75D52}") = "HotelReservation", "HotelReservation.pyproj", "{5794D667-903C-4F01-85F1-55DD7B6CFAB4}"
EndProject
Global
	GlobalSection(SolutionConfigurationPlatforms) = preSolution
		Debug|Any CPU = Debug|Any CPU
		Release|Any CPU = Release|Any CPU
	EndGlobalSection
	GlobalSection(ProjectConfigurationPlatforms) = postSolution
		{5794D667-903C-4F01-85F1-55DD7B6CFAB4}.Debug|Any CPU.ActiveCfg = Debug|Any CPU
		{5794D667-903C-4F01-85F1-55DD7B6CFAB4}.Release|Any CPU.ActiveCfg = Release|Any CPU
	EndGlobalSection
	GlobalSection(SolutionProperties) = preSolution
		HideSolutionNode = FALSE
	EndGlobalSection
	GlobalSection(ExtensibilityGlobals) = postSolution
		SolutionGuid = {D20129F3-763A-421C-83C7-5163EBEFA683}
	EndGlobalSection
EndGlobal
